
Microsoft Visual Studio Solution File, Format Version 12.00
# Visual Studio 15
VisualStudioVersion = 15.0.26228.4
MinimumVisualStudioVersion = 10.0.40219.1
Project("{2150E333-8FDC-42A3-9474-1A3956D46DE8}") = "01HamPresentation", "01HamPresentation", "{0077F2AD-8880-4DF2-94F6-8A733D2E7194}"
EndProject
Project("{2150E333-8FDC-42A3-9474-1A3956D46DE8}") = "02HamServices", "02HamServices", "{ACBA242D-DCBC-4A81-8711-C035623C6D24}"
EndProject
Project("{2150E333-8FDC-42A3-9474-1A3956D46DE8}") = "03HamBusiness", "03HamBusiness", "{3D6CFE2E-49F8-42F3-95DF-62CF46E9D61C}"
EndProject
Project("{2150E333-8FDC-42A3-9474-1A3956D46DE8}") = "04HamData", "04HamData", "{1758403E-1BE1-4893-8871-E065DD04D805}"
EndProject
Project("{FAE04EC0-301F-11D3-BF4B-00C04F79EFBC}") = "HamDataTransactions", "HamDataTransactions\HamDataTransactions.csproj", "{D2922F9D-45D5-4DDA-A8D9-D7DC8C2E0A4D}"
EndProject
Project("{FAE04EC0-301F-11D3-BF4B-00C04F79EFBC}") = "HamSecurityModel", "HamSecurityModel\HamSecurityModel.csproj", "{5C7B2109-D226-49A0-B2A5-0C797E266C60}"
EndProject
Project("{FAE04EC0-301F-11D3-BF4B-00C04F79EFBC}") = "HamServicesSecurity", "HamServicesSecurity\HamServicesSecurity.csproj", "{1D375040-3C5E-4449-95C4-62FF5EB14EB3}"
EndProject
Project("{FAE04EC0-301F-11D3-BF4B-00C04F79EFBC}") = "erpHammerClient", "HamPresentation\erpHammerClient\erpHammerClient.csproj", "{488908E6-1F60-4D95-9B56-A7DE83E2A93F}"
EndProject
Project("{FAE04EC0-301F-11D3-BF4B-00C04F79EFBC}") = "HamReportsModel", "HamReportsModel\HamReportsModel.csproj", "{0326BA77-EB6F-41CA-9A62-BD0272A72108}"
EndProject
Project("{FAE04EC0-301F-11D3-BF4B-00C04F79EFBC}") = "HamServicesReport", "HamServicesReport\HamServicesReport.csproj", "{C53F3A66-E5D9-49E3-9FE2-41FB6C137191}"
EndProject
Project("{FAE04EC0-301F-11D3-BF4B-00C04F79EFBC}") = "HamServicesGeneric", "HamServicesGeneric\HamServicesGeneric.csproj", "{D5E42415-96E6-45D8-83FD-B101DC25AEFE}"
EndProject
Project("{FAE04EC0-301F-11D3-BF4B-00C04F79EFBC}") = "HamGeneric", "HamGeneric\HamGeneric.csproj", "{342D6EFD-0359-4188-8195-57C0C0B7FAE1}"
EndProject
Project("{FAE04EC0-301F-11D3-BF4B-00C04F79EFBC}") = "HamServicesJasper", "HamServicesJasper\HamServicesJasper.csproj", "{51A77695-DB19-4C4C-A162-68BEB317A21E}"
EndProject
Project("{FAE04EC0-301F-11D3-BF4B-00C04F79EFBC}") = "FelccServices", "FelccServices\FelccServices.csproj", "{274CD0F0-4DFE-4A22-A9E6-159EF86A8DFD}"
EndProject
Global
	GlobalSection(SolutionConfigurationPlatforms) = preSolution
		Debug|Any CPU = Debug|Any CPU
		Debug|ARM = Debug|ARM
		Debug|x64 = Debug|x64
		Debug|x86 = Debug|x86
		Release|Any CPU = Release|Any CPU
		Release|ARM = Release|ARM
		Release|x64 = Release|x64
		Release|x86 = Release|x86
	EndGlobalSection
	GlobalSection(ProjectConfigurationPlatforms) = postSolution
		{D2922F9D-45D5-4DDA-A8D9-D7DC8C2E0A4D}.Debug|Any CPU.ActiveCfg = Debug|Any CPU
		{D2922F9D-45D5-4DDA-A8D9-D7DC8C2E0A4D}.Debug|Any CPU.Build.0 = Debug|Any CPU
		{D2922F9D-45D5-4DDA-A8D9-D7DC8C2E0A4D}.Debug|ARM.ActiveCfg = Debug|Any CPU
		{D2922F9D-45D5-4DDA-A8D9-D7DC8C2E0A4D}.Debug|ARM.Build.0 = Debug|Any CPU
		{D2922F9D-45D5-4DDA-A8D9-D7DC8C2E0A4D}.Debug|x64.ActiveCfg = Debug|Any CPU
		{D2922F9D-45D5-4DDA-A8D9-D7DC8C2E0A4D}.Debug|x64.Build.0 = Debug|Any CPU
		{D2922F9D-45D5-4DDA-A8D9-D7DC8C2E0A4D}.Debug|x86.ActiveCfg = Debug|Any CPU
		{D2922F9D-45D5-4DDA-A8D9-D7DC8C2E0A4D}.Debug|x86.Build.0 = Debug|Any CPU
		{D2922F9D-45D5-4DDA-A8D9-D7DC8C2E0A4D}.Release|Any CPU.ActiveCfg = Release|Any CPU
		{D2922F9D-45D5-4DDA-A8D9-D7DC8C2E0A4D}.Release|Any CPU.Build.0 = Release|Any CPU
		{D2922F9D-45D5-4DDA-A8D9-D7DC8C2E0A4D}.Release|ARM.ActiveCfg = Release|Any CPU
		{D2922F9D-45D5-4DDA-A8D9-D7DC8C2E0A4D}.Release|ARM.Build.0 = Release|Any CPU
		{D2922F9D-45D5-4DDA-A8D9-D7DC8C2E0A4D}.Release|x64.ActiveCfg = Release|Any CPU
		{D2922F9D-45D5-4DDA-A8D9-D7DC8C2E0A4D}.Release|x64.Build.0 = Release|Any CPU
		{D2922F9D-45D5-4DDA-A8D9-D7DC8C2E0A4D}.Release|x86.ActiveCfg = Release|Any CPU
		{D2922F9D-45D5-4DDA-A8D9-D7DC8C2E0A4D}.Release|x86.Build.0 = Release|Any CPU
		{5C7B2109-D226-49A0-B2A5-0C797E266C60}.Debug|Any CPU.ActiveCfg = Debug|Any CPU
		{5C7B2109-D226-49A0-B2A5-0C797E266C60}.Debug|Any CPU.Build.0 = Debug|Any CPU
		{5C7B2109-D226-49A0-B2A5-0C797E266C60}.Debug|ARM.ActiveCfg = Debug|Any CPU
		{5C7B2109-D226-49A0-B2A5-0C797E266C60}.Debug|ARM.Build.0 = Debug|Any CPU
		{5C7B2109-D226-49A0-B2A5-0C797E266C60}.Debug|x64.ActiveCfg = Debug|Any CPU
		{5C7B2109-D226-49A0-B2A5-0C797E266C60}.Debug|x64.Build.0 = Debug|Any CPU
		{5C7B2109-D226-49A0-B2A5-0C797E266C60}.Debug|x86.ActiveCfg = Debug|Any CPU
		{5C7B2109-D226-49A0-B2A5-0C797E266C60}.Debug|x86.Build.0 = Debug|Any CPU
		{5C7B2109-D226-49A0-B2A5-0C797E266C60}.Release|Any CPU.ActiveCfg = Release|Any CPU
		{5C7B2109-D226-49A0-B2A5-0C797E266C60}.Release|Any CPU.Build.0 = Release|Any CPU
		{5C7B2109-D226-49A0-B2A5-0C797E266C60}.Release|ARM.ActiveCfg = Release|Any CPU
		{5C7B2109-D226-49A0-B2A5-0C797E266C60}.Release|ARM.Build.0 = Release|Any CPU
		{5C7B2109-D226-49A0-B2A5-0C797E266C60}.Release|x64.ActiveCfg = Release|Any CPU
		{5C7B2109-D226-49A0-B2A5-0C797E266C60}.Release|x64.Build.0 = Release|Any CPU
		{5C7B2109-D226-49A0-B2A5-0C797E266C60}.Release|x86.ActiveCfg = Release|Any CPU
		{5C7B2109-D226-49A0-B2A5-0C797E266C60}.Release|x86.Build.0 = Release|Any CPU
		{1D375040-3C5E-4449-95C4-62FF5EB14EB3}.Debug|Any CPU.ActiveCfg = Debug|Any CPU
		{1D375040-3C5E-4449-95C4-62FF5EB14EB3}.Debug|Any CPU.Build.0 = Debug|Any CPU
		{1D375040-3C5E-4449-95C4-62FF5EB14EB3}.Debug|ARM.ActiveCfg = Debug|Any CPU
		{1D375040-3C5E-4449-95C4-62FF5EB14EB3}.Debug|ARM.Build.0 = Debug|Any CPU
		{1D375040-3C5E-4449-95C4-62FF5EB14EB3}.Debug|x64.ActiveCfg = Debug|Any CPU
		{1D375040-3C5E-4449-95C4-62FF5EB14EB3}.Debug|x64.Build.0 = Debug|Any CPU
		{1D375040-3C5E-4449-95C4-62FF5EB14EB3}.Debug|x86.ActiveCfg = Debug|Any CPU
		{1D375040-3C5E-4449-95C4-62FF5EB14EB3}.Debug|x86.Build.0 = Debug|Any CPU
		{1D375040-3C5E-4449-95C4-62FF5EB14EB3}.Release|Any CPU.ActiveCfg = Release|Any CPU
		{1D375040-3C5E-4449-95C4-62FF5EB14EB3}.Release|Any CPU.Build.0 = Release|Any CPU
		{1D375040-3C5E-4449-95C4-62FF5EB14EB3}.Release|ARM.ActiveCfg = Release|Any CPU
		{1D375040-3C5E-4449-95C4-62FF5EB14EB3}.Release|ARM.Build.0 = Release|Any CPU
		{1D375040-3C5E-4449-95C4-62FF5EB14EB3}.Release|x64.ActiveCfg = Release|Any CPU
		{1D375040-3C5E-4449-95C4-62FF5EB14EB3}.Release|x64.Build.0 = Release|Any CPU
		{1D375040-3C5E-4449-95C4-62FF5EB14EB3}.Release|x86.ActiveCfg = Release|Any CPU
		{1D375040-3C5E-4449-95C4-62FF5EB14EB3}.Release|x86.Build.0 = Release|Any CPU
		{488908E6-1F60-4D95-9B56-A7DE83E2A93F}.Debug|Any CPU.ActiveCfg = Debug|Any CPU
		{488908E6-1F60-4D95-9B56-A7DE83E2A93F}.Debug|Any CPU.Build.0 = Debug|Any CPU
		{488908E6-1F60-4D95-9B56-A7DE83E2A93F}.Debug|ARM.ActiveCfg = Debug|Any CPU
		{488908E6-1F60-4D95-9B56-A7DE83E2A93F}.Debug|ARM.Build.0 = Debug|Any CPU
		{488908E6-1F60-4D95-9B56-A7DE83E2A93F}.Debug|x64.ActiveCfg = Debug|Any CPU
		{488908E6-1F60-4D95-9B56-A7DE83E2A93F}.Debug|x64.Build.0 = Debug|Any CPU
		{488908E6-1F60-4D95-9B56-A7DE83E2A93F}.Debug|x86.ActiveCfg = Debug|Any CPU
		{488908E6-1F60-4D95-9B56-A7DE83E2A93F}.Debug|x86.Build.0 = Debug|Any CPU
		{488908E6-1F60-4D95-9B56-A7DE83E2A93F}.Release|Any CPU.ActiveCfg = Release|Any CPU
		{488908E6-1F60-4D95-9B56-A7DE83E2A93F}.Release|Any CPU.Build.0 = Release|Any CPU
		{488908E6-1F60-4D95-9B56-A7DE83E2A93F}.Release|ARM.ActiveCfg = Release|Any CPU
		{488908E6-1F60-4D95-9B56-A7DE83E2A93F}.Release|ARM.Build.0 = Release|Any CPU
		{488908E6-1F60-4D95-9B56-A7DE83E2A93F}.Release|x64.ActiveCfg = Release|Any CPU
		{488908E6-1F60-4D95-9B56-A7DE83E2A93F}.Release|x64.Build.0 = Release|Any CPU
		{488908E6-1F60-4D95-9B56-A7DE83E2A93F}.Release|x86.ActiveCfg = Release|Any CPU
		{488908E6-1F60-4D95-9B56-A7DE83E2A93F}.Release|x86.Build.0 = Release|Any CPU
		{0326BA77-EB6F-41CA-9A62-BD0272A72108}.Debug|Any CPU.ActiveCfg = Debug|Any CPU
		{0326BA77-EB6F-41CA-9A62-BD0272A72108}.Debug|Any CPU.Build.0 = Debug|Any CPU
		{0326BA77-EB6F-41CA-9A62-BD0272A72108}.Debug|ARM.ActiveCfg = Debug|Any CPU
		{0326BA77-EB6F-41CA-9A62-BD0272A72108}.Debug|ARM.Build.0 = Debug|Any CPU
		{0326BA77-EB6F-41CA-9A62-BD0272A72108}.Debug|x64.ActiveCfg = Debug|Any CPU
		{0326BA77-EB6F-41CA-9A62-BD0272A72108}.Debug|x64.Build.0 = Debug|Any CPU
		{0326BA77-EB6F-41CA-9A62-BD0272A72108}.Debug|x86.ActiveCfg = Debug|Any CPU
		{0326BA77-EB6F-41CA-9A62-BD0272A72108}.Debug|x86.Build.0 = Debug|Any CPU
		{0326BA77-EB6F-41CA-9A62-BD0272A72108}.Release|Any CPU.ActiveCfg = Release|Any CPU
		{0326BA77-EB6F-41CA-9A62-BD0272A72108}.Release|Any CPU.Build.0 = Release|Any CPU
		{0326BA77-EB6F-41CA-9A62-BD0272A72108}.Release|ARM.ActiveCfg = Release|Any CPU
		{0326BA77-EB6F-41CA-9A62-BD0272A72108}.Release|ARM.Build.0 = Release|Any CPU
		{0326BA77-EB6F-41CA-9A62-BD0272A72108}.Release|x64.ActiveCfg = Release|Any CPU
		{0326BA77-EB6F-41CA-9A62-BD0272A72108}.Release|x64.Build.0 = Release|Any CPU
		{0326BA77-EB6F-41CA-9A62-BD0272A72108}.Release|x86.ActiveCfg = Release|Any CPU
		{0326BA77-EB6F-41CA-9A62-BD0272A72108}.Release|x86.Build.0 = Release|Any CPU
		{C53F3A66-E5D9-49E3-9FE2-41FB6C137191}.Debug|Any CPU.ActiveCfg = Debug|Any CPU
		{C53F3A66-E5D9-49E3-9FE2-41FB6C137191}.Debug|Any CPU.Build.0 = Debug|Any CPU
		{C53F3A66-E5D9-49E3-9FE2-41FB6C137191}.Debug|ARM.ActiveCfg = Debug|Any CPU
		{C53F3A66-E5D9-49E3-9FE2-41FB6C137191}.Debug|ARM.Build.0 = Debug|Any CPU
		{C53F3A66-E5D9-49E3-9FE2-41FB6C137191}.Debug|x64.ActiveCfg = Debug|Any CPU
		{C53F3A66-E5D9-49E3-9FE2-41FB6C137191}.Debug|x64.Build.0 = Debug|Any CPU
		{C53F3A66-E5D9-49E3-9FE2-41FB6C137191}.Debug|x86.ActiveCfg = Debug|Any CPU
		{C53F3A66-E5D9-49E3-9FE2-41FB6C137191}.Debug|x86.Build.0 = Debug|Any CPU
		{C53F3A66-E5D9-49E3-9FE2-41FB6C137191}.Release|Any CPU.ActiveCfg = Release|Any CPU
		{C53F3A66-E5D9-49E3-9FE2-41FB6C137191}.Release|Any CPU.Build.0 = Release|Any CPU
		{C53F3A66-E5D9-49E3-9FE2-41FB6C137191}.Release|ARM.ActiveCfg = Release|Any CPU
		{C53F3A66-E5D9-49E3-9FE2-41FB6C137191}.Release|ARM.Build.0 = Release|Any CPU
		{C53F3A66-E5D9-49E3-9FE2-41FB6C137191}.Release|x64.ActiveCfg = Release|Any CPU
		{C53F3A66-E5D9-49E3-9FE2-41FB6C137191}.Release|x64.Build.0 = Release|Any CPU
		{C53F3A66-E5D9-49E3-9FE2-41FB6C137191}.Release|x86.ActiveCfg = Release|Any CPU
		{C53F3A66-E5D9-49E3-9FE2-41FB6C137191}.Release|x86.Build.0 = Release|Any CPU
		{D5E42415-96E6-45D8-83FD-B101DC25AEFE}.Debug|Any CPU.ActiveCfg = Debug|Any CPU
		{D5E42415-96E6-45D8-83FD-B101DC25AEFE}.Debug|Any CPU.Build.0 = Debug|Any CPU
		{D5E42415-96E6-45D8-83FD-B101DC25AEFE}.Debug|ARM.ActiveCfg = Debug|Any CPU
		{D5E42415-96E6-45D8-83FD-B101DC25AEFE}.Debug|ARM.Build.0 = Debug|Any CPU
		{D5E42415-96E6-45D8-83FD-B101DC25AEFE}.Debug|x64.ActiveCfg = Debug|Any CPU
		{D5E42415-96E6-45D8-83FD-B101DC25AEFE}.Debug|x64.Build.0 = Debug|Any CPU
		{D5E42415-96E6-45D8-83FD-B101DC25AEFE}.Debug|x86.ActiveCfg = Debug|Any CPU
		{D5E42415-96E6-45D8-83FD-B101DC25AEFE}.Debug|x86.Build.0 = Debug|Any CPU
		{D5E42415-96E6-45D8-83FD-B101DC25AEFE}.Release|Any CPU.ActiveCfg = Release|Any CPU
		{D5E42415-96E6-45D8-83FD-B101DC25AEFE}.Release|Any CPU.Build.0 = Release|Any CPU
		{D5E42415-96E6-45D8-83FD-B101DC25AEFE}.Release|ARM.ActiveCfg = Release|Any CPU
		{D5E42415-96E6-45D8-83FD-B101DC25AEFE}.Release|ARM.Build.0 = Release|Any CPU
		{D5E42415-96E6-45D8-83FD-B101DC25AEFE}.Release|x64.ActiveCfg = Release|Any CPU
		{D5E42415-96E6-45D8-83FD-B101DC25AEFE}.Release|x64.Build.0 = Release|Any CPU
		{D5E42415-96E6-45D8-83FD-B101DC25AEFE}.Release|x86.ActiveCfg = Release|Any CPU
		{D5E42415-96E6-45D8-83FD-B101DC25AEFE}.Release|x86.Build.0 = Release|Any CPU
		{342D6EFD-0359-4188-8195-57C0C0B7FAE1}.Debug|Any CPU.ActiveCfg = Debug|Any CPU
		{342D6EFD-0359-4188-8195-57C0C0B7FAE1}.Debug|Any CPU.Build.0 = Debug|Any CPU
		{342D6EFD-0359-4188-8195-57C0C0B7FAE1}.Debug|ARM.ActiveCfg = Debug|Any CPU
		{342D6EFD-0359-4188-8195-57C0C0B7FAE1}.Debug|ARM.Build.0 = Debug|Any CPU
		{342D6EFD-0359-4188-8195-57C0C0B7FAE1}.Debug|x64.ActiveCfg = Debug|Any CPU
		{342D6EFD-0359-4188-8195-57C0C0B7FAE1}.Debug|x64.Build.0 = Debug|Any CPU
		{342D6EFD-0359-4188-8195-57C0C0B7FAE1}.Debug|x86.ActiveCfg = Debug|Any CPU
		{342D6EFD-0359-4188-8195-57C0C0B7FAE1}.Debug|x86.Build.0 = Debug|Any CPU
		{342D6EFD-0359-4188-8195-57C0C0B7FAE1}.Release|Any CPU.ActiveCfg = Release|Any CPU
		{342D6EFD-0359-4188-8195-57C0C0B7FAE1}.Release|Any CPU.Build.0 = Release|Any CPU
		{342D6EFD-0359-4188-8195-57C0C0B7FAE1}.Release|ARM.ActiveCfg = Release|Any CPU
		{342D6EFD-0359-4188-8195-57C0C0B7FAE1}.Release|ARM.Build.0 = Release|Any CPU
		{342D6EFD-0359-4188-8195-57C0C0B7FAE1}.Release|x64.ActiveCfg = Release|Any CPU
		{342D6EFD-0359-4188-8195-57C0C0B7FAE1}.Release|x64.Build.0 = Release|Any CPU
		{342D6EFD-0359-4188-8195-57C0C0B7FAE1}.Release|x86.ActiveCfg = Release|Any CPU
		{342D6EFD-0359-4188-8195-57C0C0B7FAE1}.Release|x86.Build.0 = Release|Any CPU
		{51A77695-DB19-4C4C-A162-68BEB317A21E}.Debug|Any CPU.ActiveCfg = Debug|Any CPU
		{51A77695-DB19-4C4C-A162-68BEB317A21E}.Debug|Any CPU.Build.0 = Debug|Any CPU
		{51A77695-DB19-4C4C-A162-68BEB317A21E}.Debug|ARM.ActiveCfg = Debug|Any CPU
		{51A77695-DB19-4C4C-A162-68BEB317A21E}.Debug|ARM.Build.0 = Debug|Any CPU
		{51A77695-DB19-4C4C-A162-68BEB317A21E}.Debug|x64.ActiveCfg = Debug|Any CPU
		{51A77695-DB19-4C4C-A162-68BEB317A21E}.Debug|x64.Build.0 = Debug|Any CPU
		{51A77695-DB19-4C4C-A162-68BEB317A21E}.Debug|x86.ActiveCfg = Debug|Any CPU
		{51A77695-DB19-4C4C-A162-68BEB317A21E}.Debug|x86.Build.0 = Debug|Any CPU
		{51A77695-DB19-4C4C-A162-68BEB317A21E}.Release|Any CPU.ActiveCfg = Release|Any CPU
		{51A77695-DB19-4C4C-A162-68BEB317A21E}.Release|Any CPU.Build.0 = Release|Any CPU
		{51A77695-DB19-4C4C-A162-68BEB317A21E}.Release|ARM.ActiveCfg = Release|Any CPU
		{51A77695-DB19-4C4C-A162-68BEB317A21E}.Release|ARM.Build.0 = Release|Any CPU
		{51A77695-DB19-4C4C-A162-68BEB317A21E}.Release|x64.ActiveCfg = Release|Any CPU
		{51A77695-DB19-4C4C-A162-68BEB317A21E}.Release|x64.Build.0 = Release|Any CPU
		{51A77695-DB19-4C4C-A162-68BEB317A21E}.Release|x86.ActiveCfg = Release|Any CPU
		{51A77695-DB19-4C4C-A162-68BEB317A21E}.Release|x86.Build.0 = Release|Any CPU
		{274CD0F0-4DFE-4A22-A9E6-159EF86A8DFD}.Debug|Any CPU.ActiveCfg = Debug|Any CPU
		{274CD0F0-4DFE-4A22-A9E6-159EF86A8DFD}.Debug|Any CPU.Build.0 = Debug|Any CPU
		{274CD0F0-4DFE-4A22-A9E6-159EF86A8DFD}.Debug|ARM.ActiveCfg = Debug|Any CPU
		{274CD0F0-4DFE-4A22-A9E6-159EF86A8DFD}.Debug|ARM.Build.0 = Debug|Any CPU
		{274CD0F0-4DFE-4A22-A9E6-159EF86A8DFD}.Debug|x64.ActiveCfg = Debug|Any CPU
		{274CD0F0-4DFE-4A22-A9E6-159EF86A8DFD}.Debug|x64.Build.0 = Debug|Any CPU
		{274CD0F0-4DFE-4A22-A9E6-159EF86A8DFD}.Debug|x86.ActiveCfg = Debug|Any CPU
		{274CD0F0-4DFE-4A22-A9E6-159EF86A8DFD}.Debug|x86.Build.0 = Debug|Any CPU
		{274CD0F0-4DFE-4A22-A9E6-159EF86A8DFD}.Release|Any CPU.ActiveCfg = Release|Any CPU
		{274CD0F0-4DFE-4A22-A9E6-159EF86A8DFD}.Release|Any CPU.Build.0 = Release|Any CPU
		{274CD0F0-4DFE-4A22-A9E6-159EF86A8DFD}.Release|ARM.ActiveCfg = Release|Any CPU
		{274CD0F0-4DFE-4A22-A9E6-159EF86A8DFD}.Release|ARM.Build.0 = Release|Any CPU
		{274CD0F0-4DFE-4A22-A9E6-159EF86A8DFD}.Release|x64.ActiveCfg = Release|Any CPU
		{274CD0F0-4DFE-4A22-A9E6-159EF86A8DFD}.Release|x64.Build.0 = Release|Any CPU
		{274CD0F0-4DFE-4A22-A9E6-159EF86A8DFD}.Release|x86.ActiveCfg = Release|Any CPU
		{274CD0F0-4DFE-4A22-A9E6-159EF86A8DFD}.Release|x86.Build.0 = Release|Any CPU
	EndGlobalSection
	GlobalSection(SolutionProperties) = preSolution
		HideSolutionNode = FALSE
	EndGlobalSection
	GlobalSection(NestedProjects) = preSolution
		{D2922F9D-45D5-4DDA-A8D9-D7DC8C2E0A4D} = {1758403E-1BE1-4893-8871-E065DD04D805}
		{5C7B2109-D226-49A0-B2A5-0C797E266C60} = {3D6CFE2E-49F8-42F3-95DF-62CF46E9D61C}
		{1D375040-3C5E-4449-95C4-62FF5EB14EB3} = {ACBA242D-DCBC-4A81-8711-C035623C6D24}
		{488908E6-1F60-4D95-9B56-A7DE83E2A93F} = {0077F2AD-8880-4DF2-94F6-8A733D2E7194}
		{0326BA77-EB6F-41CA-9A62-BD0272A72108} = {3D6CFE2E-49F8-42F3-95DF-62CF46E9D61C}
		{C53F3A66-E5D9-49E3-9FE2-41FB6C137191} = {ACBA242D-DCBC-4A81-8711-C035623C6D24}
		{D5E42415-96E6-45D8-83FD-B101DC25AEFE} = {ACBA242D-DCBC-4A81-8711-C035623C6D24}
		{342D6EFD-0359-4188-8195-57C0C0B7FAE1} = {3D6CFE2E-49F8-42F3-95DF-62CF46E9D61C}
		{51A77695-DB19-4C4C-A162-68BEB317A21E} = {ACBA242D-DCBC-4A81-8711-C035623C6D24}
		{274CD0F0-4DFE-4A22-A9E6-159EF86A8DFD} = {ACBA242D-DCBC-4A81-8711-C035623C6D24}
	EndGlobalSection
EndGlobal
